<Solution>
  <Project Path="Auth/Auth.csproj" Id="e5067365-1022-4ef0-803f-1420c4853d38" />
  <Project Path="ClientConsoleApp/ClientConsoleApp.csproj" />
  <Project Path="EstudoServiceGrpc/EstudoServiceGrpc.csproj" />
  <Project Path="FristGrpc.Tests.Integration/FristGrpc.Tests.Integration.csproj" Id="ddd59949-b401-4a10-8db4-c1ac3c4188e6" />
  <Project Path="FristGrpc.Tests.Unit/FristGrpc.Tests.Unit.csproj" Id="bbceca69-d059-418b-9c70-8d11fb97bf16" />
</Solution>
